{
	"name": "spiderman",
	"version": "0.0.1",
	"lockfileVersion": 2,
	"requires": true,
	"packages": {
		"": {
			"name": "spiderman",
			"version": "0.0.1",
			"license": "MIT",
			"devDependencies": {
				"js-yaml": "^3.13.1",
				"tinycolor2": "^1.4.1"
			},
			"engines": {
				"vscode": "^1.69.0"
			}
		},
		"node_modules/argparse": {
			"version": "1.0.10",
			"dev": true,
			"license": "MIT",
			"dependencies": {
				"sprintf-js": "~1.0.2"
			}
		},
		"node_modules/esprima": {
			"version": "4.0.1",
			"dev": true,
			"license": "BSD-2-Clause",
			"bin": {
				"esparse": "bin/esparse.js",
				"esvalidate": "bin/esvalidate.js"
			},
			"engines": {
				"node": ">=4"
			}
		},
		"node_modules/js-yaml": {
			"version": "3.13.1",
			"dev": true,
			"license": "MIT",
			"dependencies": {
				"argparse": "^1.0.7",
				"esprima": "^4.0.0"
			},
			"bin": {
				"js-yaml": "bin/js-yaml.js"
			}
		},
		"node_modules/sprintf-js": {
			"version": "1.0.3",
			"dev": true,
			"license": "BSD-3-Clause"
		},
		"node_modules/tinycolor2": {
			"version": "1.4.1",
			"dev": true,
			"license": "MIT",
			"engines": {
				"node": "*"
			}
		}
	},
	"dependencies": {
		"argparse": {
			"version": "1.0.10",
			"dev": true,
			"requires": {
				"sprintf-js": "~1.0.2"
			}
		},
		"esprima": {
			"version": "4.0.1",
			"dev": true
		},
		"js-yaml": {
			"version": "3.13.1",
			"dev": true,
			"requires": {
				"argparse": "^1.0.7",
				"esprima": "^4.0.0"
			}
		},
		"sprintf-js": {
			"version": "1.0.3",
			"dev": true
		},
		"tinycolor2": {
			"version": "1.4.1",
			"dev": true
		}
	}
}
